// !$*UTF8*$!
{
	archiveVersion = 1;
	classes = {
	};
	objectVersion = 46;
	objects = {

/* Begin PBXBuildFile section */
		B91CFB7B1AB26AA800731961 /* AVFoundation.framework in Frameworks */ = {isa = PBXBuildFile; fileRef = B91CFB731AB26AA800731961 /* AVFoundation.framework */; };
		B91CFB7C1AB26AA800731961 /* CoreData.framework in Frameworks */ = {isa = PBXBuildFile; fileRef = B91CFB741AB26AA800731961 /* CoreData.framework */; };
		B91CFB7D1AB26AA800731961 /* CoreLocation.framework in Frameworks */ = {isa = PBXBuildFile; fileRef = B91CFB751AB26AA800731961 /* CoreLocation.framework */; };
		B91CFB7E1AB26AA800731961 /* CoreText.framework in Frameworks */ = {isa = PBXBuildFile; fileRef = B91CFB761AB26AA800731961 /* CoreText.framework */; };
		B91CFB7F1AB26AA800731961 /* GLKit.framework in Frameworks */ = {isa = PBXBuildFile; fileRef = B91CFB771AB26AA800731961 /* GLKit.framework */; };
		B91CFB801AB26AA800731961 /* ImageIO.framework in Frameworks */ = {isa = PBXBuildFile; fileRef = B91CFB781AB26AA800731961 /* ImageIO.framework */; };
		B91CFB811AB26AA800731961 /* libc++.dylib in Frameworks */ = {isa = PBXBuildFile; fileRef = B91CFB791AB26AA800731961 /* libc++.dylib */; };
		B91CFB821AB26AA800731961 /* libicucore.dylib in Frameworks */ = {isa = PBXBuildFile; fileRef = B91CFB7A1AB26AA800731961 /* libicucore.dylib */; };
		B91CFB871AB26ACF00731961 /* libz.dylib in Frameworks */ = {isa = PBXBuildFile; fileRef = B91CFB831AB26ACF00731961 /* libz.dylib */; };
		B91CFB881AB26ACF00731961 /* OpenGLES.framework in Frameworks */ = {isa = PBXBuildFile; fileRef = B91CFB841AB26ACF00731961 /* OpenGLES.framework */; };
		B91CFB891AB26ACF00731961 /* QuartzCore.framework in Frameworks */ = {isa = PBXBuildFile; fileRef = B91CFB851AB26ACF00731961 /* QuartzCore.framework */; };
		B91CFB8A1AB26ACF00731961 /* SystemConfiguration.framework in Frameworks */ = {isa = PBXBuildFile; fileRef = B91CFB861AB26ACF00731961 /* SystemConfiguration.framework */; };
		B91CFB901AB26C6A00731961 /* GoogleMapsViewController.swift in Sources */ = {isa = PBXBuildFile; fileRef = B91CFB8F1AB26C6A00731961 /* GoogleMapsViewController.swift */; };
		B9D040C31AB2A7B100BE2B5F /* YTPlayerView.m in Sources */ = {isa = PBXBuildFile; fileRef = B9D040C21AB2A7B100BE2B5F /* YTPlayerView.m */; };
		B9D040C51AB2A82E00BE2B5F /* VideoPlayerViewController.swift in Sources */ = {isa = PBXBuildFile; fileRef = B9D040C41AB2A82E00BE2B5F /* VideoPlayerViewController.swift */; };
		B9D040C91AB2AAB900BE2B5F /* Assets in Resources */ = {isa = PBXBuildFile; fileRef = B9D040C81AB2AAB900BE2B5F /* Assets */; };
		B9D040CB1AB2AC3200BE2B5F /* VideoResultsViewController.swift in Sources */ = {isa = PBXBuildFile; fileRef = B9D040CA1AB2AC3200BE2B5F /* VideoResultsViewController.swift */; };
		B9D040CD1AB2AE2F00BE2B5F /* VideoResultCell.swift in Sources */ = {isa = PBXBuildFile; fileRef = B9D040CC1AB2AE2F00BE2B5F /* VideoResultCell.swift */; };
		B9D040D51AB2B45000BE2B5F /* BMW_Car_1.jpg in Resources */ = {isa = PBXBuildFile; fileRef = B9D040CF1AB2B45000BE2B5F /* BMW_Car_1.jpg */; };
		B9D040D61AB2B45000BE2B5F /* BMW_Car_2.jpg in Resources */ = {isa = PBXBuildFile; fileRef = B9D040D01AB2B45000BE2B5F /* BMW_Car_2.jpg */; };
		B9D040D71AB2B45000BE2B5F /* BMW_Car_3.jpg in Resources */ = {isa = PBXBuildFile; fileRef = B9D040D11AB2B45000BE2B5F /* BMW_Car_3.jpg */; };
		B9D040D81AB2B45000BE2B5F /* BMW_Car_4.jpg in Resources */ = {isa = PBXBuildFile; fileRef = B9D040D21AB2B45000BE2B5F /* BMW_Car_4.jpg */; };
		B9D040D91AB2B45000BE2B5F /* BMW_Car_5.jpg in Resources */ = {isa = PBXBuildFile; fileRef = B9D040D31AB2B45000BE2B5F /* BMW_Car_5.jpg */; };
		B9D040DA1AB2B45000BE2B5F /* BMW_Car_6.jpg in Resources */ = {isa = PBXBuildFile; fileRef = B9D040D41AB2B45000BE2B5F /* BMW_Car_6.jpg */; };
		B9FD8BB81AB2632A00BE88DE /* AppDelegate.swift in Sources */ = {isa = PBXBuildFile; fileRef = B9FD8BB71AB2632A00BE88DE /* AppDelegate.swift */; };
		B9FD8BBA1AB2632A00BE88DE /* ViewController.swift in Sources */ = {isa = PBXBuildFile; fileRef = B9FD8BB91AB2632A00BE88DE /* ViewController.swift */; };
		B9FD8BBD1AB2632A00BE88DE /* Main.storyboard in Resources */ = {isa = PBXBuildFile; fileRef = B9FD8BBB1AB2632A00BE88DE /* Main.storyboard */; };
		B9FD8BBF1AB2632A00BE88DE /* Images.xcassets in Resources */ = {isa = PBXBuildFile; fileRef = B9FD8BBE1AB2632A00BE88DE /* Images.xcassets */; };
		B9FD8BC21AB2632A00BE88DE /* LaunchScreen.xib in Resources */ = {isa = PBXBuildFile; fileRef = B9FD8BC01AB2632A00BE88DE /* LaunchScreen.xib */; };
		B9FD8BCE1AB2632A00BE88DE /* Osprey_DronesTests.swift in Sources */ = {isa = PBXBuildFile; fileRef = B9FD8BCD1AB2632A00BE88DE /* Osprey_DronesTests.swift */; };
		D16882F11AB3769A0085FCB1 /* GoogleMaps.bundle in Resources */ = {isa = PBXBuildFile; fileRef = D16882F01AB3769A0085FCB1 /* GoogleMaps.bundle */; };
		D16882F31AB376A10085FCB1 /* GoogleMaps.framework in Frameworks */ = {isa = PBXBuildFile; fileRef = D16882F21AB376A10085FCB1 /* GoogleMaps.framework */; };
		D1C5BB951AB77C07001264DC /* OpenSans-Regular.ttf in Resources */ = {isa = PBXBuildFile; fileRef = D1C5BB941AB77C07001264DC /* OpenSans-Regular.ttf */; };
		D1C5BB9B1AB79568001264DC /* facebook_circle_color-512.png in Resources */ = {isa = PBXBuildFile; fileRef = D1C5BB9A1AB79568001264DC /* facebook_circle_color-512.png */; };
		D1C5BB9D1AB79629001264DC /* twitter_circle_color-512.png in Resources */ = {isa = PBXBuildFile; fileRef = D1C5BB9C1AB79629001264DC /* twitter_circle_color-512.png */; };
/* End PBXBuildFile section */

/* Begin PBXContainerItemProxy section */
		B9FD8BC81AB2632A00BE88DE /* PBXContainerItemProxy */ = {
			isa = PBXContainerItemProxy;
			containerPortal = B9FD8BAA1AB2632A00BE88DE /* Project object */;
			proxyType = 1;
			remoteGlobalIDString = B9FD8BB11AB2632A00BE88DE;
			remoteInfo = "Osprey Drones";
		};
/* End PBXContainerItemProxy section */

/* Begin PBXFileReference section */
		B91CFB731AB26AA800731961 /* AVFoundation.framework */ = {isa = PBXFileReference; lastKnownFileType = wrapper.framework; name = AVFoundation.framework; path = System/Library/Frameworks/AVFoundation.framework; sourceTree = SDKROOT; };
		B91CFB741AB26AA800731961 /* CoreData.framework */ = {isa = PBXFileReference; lastKnownFileType = wrapper.framework; name = CoreData.framework; path = System/Library/Frameworks/CoreData.framework; sourceTree = SDKROOT; };
		B91CFB751AB26AA800731961 /* CoreLocation.framework */ = {isa = PBXFileReference; lastKnownFileType = wrapper.framework; name = CoreLocation.framework; path = System/Library/Frameworks/CoreLocation.framework; sourceTree = SDKROOT; };
		B91CFB761AB26AA800731961 /* CoreText.framework */ = {isa = PBXFileReference; lastKnownFileType = wrapper.framework; name = CoreText.framework; path = System/Library/Frameworks/CoreText.framework; sourceTree = SDKROOT; };
		B91CFB771AB26AA800731961 /* GLKit.framework */ = {isa = PBXFileReference; lastKnownFileType = wrapper.framework; name = GLKit.framework; path = System/Library/Frameworks/GLKit.framework; sourceTree = SDKROOT; };
		B91CFB781AB26AA800731961 /* ImageIO.framework */ = {isa = PBXFileReference; lastKnownFileType = wrapper.framework; name = ImageIO.framework; path = System/Library/Frameworks/ImageIO.framework; sourceTree = SDKROOT; };
		B91CFB791AB26AA800731961 /* libc++.dylib */ = {isa = PBXFileReference; lastKnownFileType = "compiled.mach-o.dylib"; name = "libc++.dylib"; path = "usr/lib/libc++.dylib"; sourceTree = SDKROOT; };
		B91CFB7A1AB26AA800731961 /* libicucore.dylib */ = {isa = PBXFileReference; lastKnownFileType = "compiled.mach-o.dylib"; name = libicucore.dylib; path = usr/lib/libicucore.dylib; sourceTree = SDKROOT; };
		B91CFB831AB26ACF00731961 /* libz.dylib */ = {isa = PBXFileReference; lastKnownFileType = "compiled.mach-o.dylib"; name = libz.dylib; path = usr/lib/libz.dylib; sourceTree = SDKROOT; };
		B91CFB841AB26ACF00731961 /* OpenGLES.framework */ = {isa = PBXFileReference; lastKnownFileType = wrapper.framework; name = OpenGLES.framework; path = System/Library/Frameworks/OpenGLES.framework; sourceTree = SDKROOT; };
		B91CFB851AB26ACF00731961 /* QuartzCore.framework */ = {isa = PBXFileReference; lastKnownFileType = wrapper.framework; name = QuartzCore.framework; path = System/Library/Frameworks/QuartzCore.framework; sourceTree = SDKROOT; };
		B91CFB861AB26ACF00731961 /* SystemConfiguration.framework */ = {isa = PBXFileReference; lastKnownFileType = wrapper.framework; name = SystemConfiguration.framework; path = System/Library/Frameworks/SystemConfiguration.framework; sourceTree = SDKROOT; };
		B91CFB8C1AB26B4F00731961 /* Osprey Drones-Bridging-Header.h */ = {isa = PBXFileReference; lastKnownFileType = sourcecode.c.h; path = "Osprey Drones-Bridging-Header.h"; sourceTree = "<group>"; };
		B91CFB8F1AB26C6A00731961 /* GoogleMapsViewController.swift */ = {isa = PBXFileReference; fileEncoding = 4; lastKnownFileType = sourcecode.swift; path = GoogleMapsViewController.swift; sourceTree = "<group>"; };
		B9D040C11AB2A7B100BE2B5F /* YTPlayerView.h */ = {isa = PBXFileReference; fileEncoding = 4; lastKnownFileType = sourcecode.c.h; path = YTPlayerView.h; sourceTree = "<group>"; };
		B9D040C21AB2A7B100BE2B5F /* YTPlayerView.m */ = {isa = PBXFileReference; fileEncoding = 4; lastKnownFileType = sourcecode.c.objc; path = YTPlayerView.m; sourceTree = "<group>"; };
		B9D040C41AB2A82E00BE2B5F /* VideoPlayerViewController.swift */ = {isa = PBXFileReference; fileEncoding = 4; lastKnownFileType = sourcecode.swift; path = VideoPlayerViewController.swift; sourceTree = "<group>"; };
		B9D040C81AB2AAB900BE2B5F /* Assets */ = {isa = PBXFileReference; lastKnownFileType = folder; path = Assets; sourceTree = "<group>"; };
		B9D040CA1AB2AC3200BE2B5F /* VideoResultsViewController.swift */ = {isa = PBXFileReference; fileEncoding = 4; lastKnownFileType = sourcecode.swift; path = VideoResultsViewController.swift; sourceTree = "<group>"; };
		B9D040CC1AB2AE2F00BE2B5F /* VideoResultCell.swift */ = {isa = PBXFileReference; fileEncoding = 4; lastKnownFileType = sourcecode.swift; path = VideoResultCell.swift; sourceTree = "<group>"; };
		B9D040CF1AB2B45000BE2B5F /* BMW_Car_1.jpg */ = {isa = PBXFileReference; lastKnownFileType = image.jpeg; path = BMW_Car_1.jpg; sourceTree = "<group>"; };
		B9D040D01AB2B45000BE2B5F /* BMW_Car_2.jpg */ = {isa = PBXFileReference; lastKnownFileType = image.jpeg; path = BMW_Car_2.jpg; sourceTree = "<group>"; };
		B9D040D11AB2B45000BE2B5F /* BMW_Car_3.jpg */ = {isa = PBXFileReference; lastKnownFileType = image.jpeg; path = BMW_Car_3.jpg; sourceTree = "<group>"; };
		B9D040D21AB2B45000BE2B5F /* BMW_Car_4.jpg */ = {isa = PBXFileReference; lastKnownFileType = image.jpeg; path = BMW_Car_4.jpg; sourceTree = "<group>"; };
		B9D040D31AB2B45000BE2B5F /* BMW_Car_5.jpg */ = {isa = PBXFileReference; lastKnownFileType = image.jpeg; path = BMW_Car_5.jpg; sourceTree = "<group>"; };
		B9D040D41AB2B45000BE2B5F /* BMW_Car_6.jpg */ = {isa = PBXFileReference; lastKnownFileType = image.jpeg; path = BMW_Car_6.jpg; sourceTree = "<group>"; };
		B9FD8BB21AB2632A00BE88DE /* Osprey Drones.app */ = {isa = PBXFileReference; explicitFileType = wrapper.application; includeInIndex = 0; path = "Osprey Drones.app"; sourceTree = BUILT_PRODUCTS_DIR; };
		B9FD8BB61AB2632A00BE88DE /* Info.plist */ = {isa = PBXFileReference; lastKnownFileType = text.plist.xml; path = Info.plist; sourceTree = "<group>"; };
		B9FD8BB71AB2632A00BE88DE /* AppDelegate.swift */ = {isa = PBXFileReference; lastKnownFileType = sourcecode.swift; path = AppDelegate.swift; sourceTree = "<group>"; };
		B9FD8BB91AB2632A00BE88DE /* ViewController.swift */ = {isa = PBXFileReference; lastKnownFileType = sourcecode.swift; path = ViewController.swift; sourceTree = "<group>"; };
		B9FD8BBC1AB2632A00BE88DE /* Base */ = {isa = PBXFileReference; lastKnownFileType = file.storyboard; name = Base; path = Base.lproj/Main.storyboard; sourceTree = "<group>"; };
		B9FD8BBE1AB2632A00BE88DE /* Images.xcassets */ = {isa = PBXFileReference; lastKnownFileType = folder.assetcatalog; path = Images.xcassets; sourceTree = "<group>"; };
		B9FD8BC11AB2632A00BE88DE /* Base */ = {isa = PBXFileReference; lastKnownFileType = file.xib; name = Base; path = Base.lproj/LaunchScreen.xib; sourceTree = "<group>"; };
		B9FD8BC71AB2632A00BE88DE /* Osprey DronesTests.xctest */ = {isa = PBXFileReference; explicitFileType = wrapper.cfbundle; includeInIndex = 0; path = "Osprey DronesTests.xctest"; sourceTree = BUILT_PRODUCTS_DIR; };
		B9FD8BCC1AB2632A00BE88DE /* Info.plist */ = {isa = PBXFileReference; lastKnownFileType = text.plist.xml; path = Info.plist; sourceTree = "<group>"; };
		B9FD8BCD1AB2632A00BE88DE /* Osprey_DronesTests.swift */ = {isa = PBXFileReference; lastKnownFileType = sourcecode.swift; path = Osprey_DronesTests.swift; sourceTree = "<group>"; };
		D16882F01AB3769A0085FCB1 /* GoogleMaps.bundle */ = {isa = PBXFileReference; lastKnownFileType = "wrapper.plug-in"; path = GoogleMaps.bundle; sourceTree = "<group>"; };
		D16882F21AB376A10085FCB1 /* GoogleMaps.framework */ = {isa = PBXFileReference; lastKnownFileType = wrapper.framework; path = GoogleMaps.framework; sourceTree = "<group>"; };
		D1C5BB941AB77C07001264DC /* OpenSans-Regular.ttf */ = {isa = PBXFileReference; lastKnownFileType = file; path = "OpenSans-Regular.ttf"; sourceTree = "<group>"; };
		D1C5BB9A1AB79568001264DC /* facebook_circle_color-512.png */ = {isa = PBXFileReference; lastKnownFileType = image.png; path = "facebook_circle_color-512.png"; sourceTree = "<group>"; };
		D1C5BB9C1AB79629001264DC /* twitter_circle_color-512.png */ = {isa = PBXFileReference; lastKnownFileType = image.png; path = "twitter_circle_color-512.png"; sourceTree = "<group>"; };
/* End PBXFileReference section */

/* Begin PBXFrameworksBuildPhase section */
		B9FD8BAF1AB2632A00BE88DE /* Frameworks */ = {
			isa = PBXFrameworksBuildPhase;
			buildActionMask = 2147483647;
			files = (
				B91CFB871AB26ACF00731961 /* libz.dylib in Frameworks */,
				B91CFB881AB26ACF00731961 /* OpenGLES.framework in Frameworks */,
				B91CFB891AB26ACF00731961 /* QuartzCore.framework in Frameworks */,
				B91CFB8A1AB26ACF00731961 /* SystemConfiguration.framework in Frameworks */,
				B91CFB7B1AB26AA800731961 /* AVFoundation.framework in Frameworks */,
				B91CFB7C1AB26AA800731961 /* CoreData.framework in Frameworks */,
				B91CFB7D1AB26AA800731961 /* CoreLocation.framework in Frameworks */,
				B91CFB7E1AB26AA800731961 /* CoreText.framework in Frameworks */,
				B91CFB7F1AB26AA800731961 /* GLKit.framework in Frameworks */,
				D16882F31AB376A10085FCB1 /* GoogleMaps.framework in Frameworks */,
				B91CFB801AB26AA800731961 /* ImageIO.framework in Frameworks */,
				B91CFB811AB26AA800731961 /* libc++.dylib in Frameworks */,
				B91CFB821AB26AA800731961 /* libicucore.dylib in Frameworks */,
			);
			runOnlyForDeploymentPostprocessing = 0;
		};
		B9FD8BC41AB2632A00BE88DE /* Frameworks */ = {
			isa = PBXFrameworksBuildPhase;
			buildActionMask = 2147483647;
			files = (
			);
			runOnlyForDeploymentPostprocessing = 0;
		};
/* End PBXFrameworksBuildPhase section */

/* Begin PBXGroup section */
		B91CFB8B1AB26AED00731961 /* Frameworks */ = {
			isa = PBXGroup;
			children = (
				D16882F21AB376A10085FCB1 /* GoogleMaps.framework */,
				D16882F01AB3769A0085FCB1 /* GoogleMaps.bundle */,
				B91CFB841AB26ACF00731961 /* OpenGLES.framework */,
				B91CFB851AB26ACF00731961 /* QuartzCore.framework */,
				B91CFB861AB26ACF00731961 /* SystemConfiguration.framework */,
				B91CFB731AB26AA800731961 /* AVFoundation.framework */,
				B91CFB741AB26AA800731961 /* CoreData.framework */,
				B91CFB751AB26AA800731961 /* CoreLocation.framework */,
				B91CFB761AB26AA800731961 /* CoreText.framework */,
				B91CFB771AB26AA800731961 /* GLKit.framework */,
				B91CFB781AB26AA800731961 /* ImageIO.framework */,
				B91CFB791AB26AA800731961 /* libc++.dylib */,
				B91CFB7A1AB26AA800731961 /* libicucore.dylib */,
			);
			name = Frameworks;
			sourceTree = "<group>";
		};
		B9D040DB1AB2B45700BE2B5F /* Pictures */ = {
			isa = PBXGroup;
			children = (
				D1C5BB9C1AB79629001264DC /* twitter_circle_color-512.png */,
				D1C5BB9A1AB79568001264DC /* facebook_circle_color-512.png */,
				B9D040CF1AB2B45000BE2B5F /* BMW_Car_1.jpg */,
				B9D040D01AB2B45000BE2B5F /* BMW_Car_2.jpg */,
				B9D040D11AB2B45000BE2B5F /* BMW_Car_3.jpg */,
				B9D040D21AB2B45000BE2B5F /* BMW_Car_4.jpg */,
				B9D040D31AB2B45000BE2B5F /* BMW_Car_5.jpg */,
				B9D040D41AB2B45000BE2B5F /* BMW_Car_6.jpg */,
			);
			name = Pictures;
			sourceTree = "<group>";
		};
		B9FD8BA91AB2632A00BE88DE = {
			isa = PBXGroup;
			children = (
				B91CFB831AB26ACF00731961 /* libz.dylib */,
				B91CFB8B1AB26AED00731961 /* Frameworks */,
				B9FD8BB41AB2632A00BE88DE /* Osprey Drones */,
				B9FD8BCA1AB2632A00BE88DE /* Osprey DronesTests */,
				B9FD8BB31AB2632A00BE88DE /* Products */,
				B91CFB8C1AB26B4F00731961 /* Osprey Drones-Bridging-Header.h */,
				B9D040C11AB2A7B100BE2B5F /* YTPlayerView.h */,
				B9D040C21AB2A7B100BE2B5F /* YTPlayerView.m */,
				B9D040DB1AB2B45700BE2B5F /* Pictures */,
				B9D040C81AB2AAB900BE2B5F /* Assets */,
			);
			sourceTree = "<group>";
		};
		B9FD8BB31AB2632A00BE88DE /* Products */ = {
			isa = PBXGroup;
			children = (
				B9FD8BB21AB2632A00BE88DE /* Osprey Drones.app */,
				B9FD8BC71AB2632A00BE88DE /* Osprey DronesTests.xctest */,
			);
			name = Products;
			sourceTree = "<group>";
		};
		B9FD8BB41AB2632A00BE88DE /* Osprey Drones */ = {
			isa = PBXGroup;
			children = (
				D1C5BB941AB77C07001264DC /* OpenSans-Regular.ttf */,
				B9FD8BB71AB2632A00BE88DE /* AppDelegate.swift */,
				B9FD8BB91AB2632A00BE88DE /* ViewController.swift */,
				B91CFB8F1AB26C6A00731961 /* GoogleMapsViewController.swift */,
				B9FD8BBB1AB2632A00BE88DE /* Main.storyboard */,
				B9D040CC1AB2AE2F00BE2B5F /* VideoResultCell.swift */,
				B9D040CA1AB2AC3200BE2B5F /* VideoResultsViewController.swift */,
				B9D040C41AB2A82E00BE2B5F /* VideoPlayerViewController.swift */,
				B9FD8BBE1AB2632A00BE88DE /* Images.xcassets */,
				B9FD8BC01AB2632A00BE88DE /* LaunchScreen.xib */,
				B9FD8BB51AB2632A00BE88DE /* Supporting Files */,
			);
			path = "Osprey Drones";
			sourceTree = "<group>";
		};
		B9FD8BB51AB2632A00BE88DE /* Supporting Files */ = {
			isa = PBXGroup;
			children = (
				B9FD8BB61AB2632A00BE88DE /* Info.plist */,
			);
			name = "Supporting Files";
			sourceTree = "<group>";
		};
		B9FD8BCA1AB2632A00BE88DE /* Osprey DronesTests */ = {
			isa = PBXGroup;
			children = (
				B9FD8BCD1AB2632A00BE88DE /* Osprey_DronesTests.swift */,
				B9FD8BCB1AB2632A00BE88DE /* Supporting Files */,
			);
			path = "Osprey DronesTests";
			sourceTree = "<group>";
		};
		B9FD8BCB1AB2632A00BE88DE /* Supporting Files */ = {
			isa = PBXGroup;
			children = (
				B9FD8BCC1AB2632A00BE88DE /* Info.plist */,
			);
			name = "Supporting Files";
			sourceTree = "<group>";
		};
/* End PBXGroup section */

/* Begin PBXNativeTarget section */
		B9FD8BB11AB2632A00BE88DE /* Osprey Drones */ = {
			isa = PBXNativeTarget;
			buildConfigurationList = B9FD8BD11AB2632A00BE88DE /* Build configuration list for PBXNativeTarget "Osprey Drones" */;
			buildPhases = (
				B9FD8BAE1AB2632A00BE88DE /* Sources */,
				B9FD8BAF1AB2632A00BE88DE /* Frameworks */,
				B9FD8BB01AB2632A00BE88DE /* Resources */,
			);
			buildRules = (
			);
			dependencies = (
			);
			name = "Osprey Drones";
			productName = "Osprey Drones";
			productReference = B9FD8BB21AB2632A00BE88DE /* Osprey Drones.app */;
			productType = "com.apple.product-type.application";
		};
		B9FD8BC61AB2632A00BE88DE /* Osprey DronesTests */ = {
			isa = PBXNativeTarget;
			buildConfigurationList = B9FD8BD41AB2632A00BE88DE /* Build configuration list for PBXNativeTarget "Osprey DronesTests" */;
			buildPhases = (
				B9FD8BC31AB2632A00BE88DE /* Sources */,
				B9FD8BC41AB2632A00BE88DE /* Frameworks */,
				B9FD8BC51AB2632A00BE88DE /* Resources */,
			);
			buildRules = (
			);
			dependencies = (
				B9FD8BC91AB2632A00BE88DE /* PBXTargetDependency */,
			);
			name = "Osprey DronesTests";
			productName = "Osprey DronesTests";
			productReference = B9FD8BC71AB2632A00BE88DE /* Osprey DronesTests.xctest */;
			productType = "com.apple.product-type.bundle.unit-test";
		};
/* End PBXNativeTarget section */

/* Begin PBXProject section */
		B9FD8BAA1AB2632A00BE88DE /* Project object */ = {
			isa = PBXProject;
			attributes = {
				LastUpgradeCheck = 0610;
				ORGANIZATIONNAME = DixiChix;
				TargetAttributes = {
					B9FD8BB11AB2632A00BE88DE = {
						CreatedOnToolsVersion = 6.1.1;
					};
					B9FD8BC61AB2632A00BE88DE = {
						CreatedOnToolsVersion = 6.1.1;
						TestTargetID = B9FD8BB11AB2632A00BE88DE;
					};
				};
			};
			buildConfigurationList = B9FD8BAD1AB2632A00BE88DE /* Build configuration list for PBXProject "Osprey Drones" */;
			compatibilityVersion = "Xcode 3.2";
			developmentRegion = English;
			hasScannedForEncodings = 0;
			knownRegions = (
				en,
				Base,
			);
			mainGroup = B9FD8BA91AB2632A00BE88DE;
			productRefGroup = B9FD8BB31AB2632A00BE88DE /* Products */;
			projectDirPath = "";
			projectRoot = "";
			targets = (
				B9FD8BB11AB2632A00BE88DE /* Osprey Drones */,
				B9FD8BC61AB2632A00BE88DE /* Osprey DronesTests */,
			);
		};
/* End PBXProject section */

/* Begin PBXResourcesBuildPhase section */
		B9FD8BB01AB2632A00BE88DE /* Resources */ = {
			isa = PBXResourcesBuildPhase;
			buildActionMask = 2147483647;
			files = (
				B9D040D61AB2B45000BE2B5F /* BMW_Car_2.jpg in Resources */,
				D16882F11AB3769A0085FCB1 /* GoogleMaps.bundle in Resources */,
				B9D040D71AB2B45000BE2B5F /* BMW_Car_3.jpg in Resources */,
				B9D040C91AB2AAB900BE2B5F /* Assets in Resources */,
				B9D040D51AB2B45000BE2B5F /* BMW_Car_1.jpg in Resources */,
				B9FD8BBD1AB2632A00BE88DE /* Main.storyboard in Resources */,
				B9D040DA1AB2B45000BE2B5F /* BMW_Car_6.jpg in Resources */,
				B9D040D91AB2B45000BE2B5F /* BMW_Car_5.jpg in Resources */,
				B9FD8BC21AB2632A00BE88DE /* LaunchScreen.xib in Resources */,
				B9FD8BBF1AB2632A00BE88DE /* Images.xcassets in Resources */,
				D1C5BB9D1AB79629001264DC /* twitter_circle_color-512.png in Resources */,
				D1C5BB951AB77C07001264DC /* OpenSans-Regular.ttf in Resources */,
				B9D040D81AB2B45000BE2B5F /* BMW_Car_4.jpg in Resources */,
				D1C5BB9B1AB79568001264DC /* facebook_circle_color-512.png in Resources */,
			);
			runOnlyForDeploymentPostprocessing = 0;
		};
		B9FD8BC51AB2632A00BE88DE /* Resources */ = {
			isa = PBXResourcesBuildPhase;
			buildActionMask = 2147483647;
			files = (
			);
			runOnlyForDeploymentPostprocessing = 0;
		};
/* End PBXResourcesBuildPhase section */

/* Begin PBXSourcesBuildPhase section */
		B9FD8BAE1AB2632A00BE88DE /* Sources */ = {
			isa = PBXSourcesBuildPhase;
			buildActionMask = 2147483647;
			files = (
				B9D040CD1AB2AE2F00BE2B5F /* VideoResultCell.swift in Sources */,
				B9FD8BBA1AB2632A00BE88DE /* ViewController.swift in Sources */,
				B9FD8BB81AB2632A00BE88DE /* AppDelegate.swift in Sources */,
				B9D040CB1AB2AC3200BE2B5F /* VideoResultsViewController.swift in Sources */,
				B9D040C51AB2A82E00BE2B5F /* VideoPlayerViewController.swift in Sources */,
				B9D040C31AB2A7B100BE2B5F /* YTPlayerView.m in Sources */,
				B91CFB901AB26C6A00731961 /* GoogleMapsViewController.swift in Sources */,
			);
			runOnlyForDeploymentPostprocessing = 0;
		};
		B9FD8BC31AB2632A00BE88DE /* Sources */ = {
			isa = PBXSourcesBuildPhase;
			buildActionMask = 2147483647;
			files = (
				B9FD8BCE1AB2632A00BE88DE /* Osprey_DronesTests.swift in Sources */,
			);
			runOnlyForDeploymentPostprocessing = 0;
		};
/* End PBXSourcesBuildPhase section */

/* Begin PBXTargetDependency section */
		B9FD8BC91AB2632A00BE88DE /* PBXTargetDependency */ = {
			isa = PBXTargetDependency;
			target = B9FD8BB11AB2632A00BE88DE /* Osprey Drones */;
			targetProxy = B9FD8BC81AB2632A00BE88DE /* PBXContainerItemProxy */;
		};
/* End PBXTargetDependency section */

/* Begin PBXVariantGroup section */
		B9FD8BBB1AB2632A00BE88DE /* Main.storyboard */ = {
			isa = PBXVariantGroup;
			children = (
				B9FD8BBC1AB2632A00BE88DE /* Base */,
			);
			name = Main.storyboard;
			sourceTree = "<group>";
		};
		B9FD8BC01AB2632A00BE88DE /* LaunchScreen.xib */ = {
			isa = PBXVariantGroup;
			children = (
				B9FD8BC11AB2632A00BE88DE /* Base */,
			);
			name = LaunchScreen.xib;
			sourceTree = "<group>";
		};
/* End PBXVariantGroup section */

/* Begin XCBuildConfiguration section */
		B9FD8BCF1AB2632A00BE88DE /* Debug */ = {
			isa = XCBuildConfiguration;
			buildSettings = {
				ALWAYS_SEARCH_USER_PATHS = NO;
				CLANG_CXX_LANGUAGE_STANDARD = "gnu++0x";
				CLANG_CXX_LIBRARY = "libc++";
				CLANG_ENABLE_MODULES = YES;
				CLANG_ENABLE_OBJC_ARC = YES;
				CLANG_WARN_BOOL_CONVERSION = YES;
				CLANG_WARN_CONSTANT_CONVERSION = YES;
				CLANG_WARN_DIRECT_OBJC_ISA_USAGE = YES_ERROR;
				CLANG_WARN_EMPTY_BODY = YES;
				CLANG_WARN_ENUM_CONVERSION = YES;
				CLANG_WARN_INT_CONVERSION = YES;
				CLANG_WARN_OBJC_ROOT_CLASS = YES_ERROR;
				CLANG_WARN_UNREACHABLE_CODE = YES;
				CLANG_WARN__DUPLICATE_METHOD_MATCH = YES;
				"CODE_SIGN_IDENTITY[sdk=iphoneos*]" = "iPhone Developer";
				COPY_PHASE_STRIP = NO;
				ENABLE_STRICT_OBJC_MSGSEND = YES;
				GCC_C_LANGUAGE_STANDARD = gnu99;
				GCC_DYNAMIC_NO_PIC = NO;
				GCC_OPTIMIZATION_LEVEL = 0;
				GCC_PREPROCESSOR_DEFINITIONS = (
					"DEBUG=1",
					"$(inherited)",
				);
				GCC_SYMBOLS_PRIVATE_EXTERN = NO;
				GCC_WARN_64_TO_32_BIT_CONVERSION = YES;
				GCC_WARN_ABOUT_RETURN_TYPE = YES_ERROR;
				GCC_WARN_UNDECLARED_SELECTOR = YES;
				GCC_WARN_UNINITIALIZED_AUTOS = YES_AGGRESSIVE;
				GCC_WARN_UNUSED_FUNCTION = YES;
				GCC_WARN_UNUSED_VARIABLE = YES;
				IPHONEOS_DEPLOYMENT_TARGET = 8.1;
				MTL_ENABLE_DEBUG_INFO = YES;
				ONLY_ACTIVE_ARCH = YES;
				SDKROOT = iphoneos;
				SWIFT_OPTIMIZATION_LEVEL = "-Onone";
				TARGETED_DEVICE_FAMILY = "1,2";
			};
			name = Debug;
		};
		B9FD8BD01AB2632A00BE88DE /* Release */ = {
			isa = XCBuildConfiguration;
			buildSettings = {
				ALWAYS_SEARCH_USER_PATHS = NO;
				CLANG_CXX_LANGUAGE_STANDARD = "gnu++0x";
				CLANG_CXX_LIBRARY = "libc++";
				CLANG_ENABLE_MODULES = YES;
				CLANG_ENABLE_OBJC_ARC = YES;
				CLANG_WARN_BOOL_CONVERSION = YES;
				CLANG_WARN_CONSTANT_CONVERSION = YES;
				CLANG_WARN_DIRECT_OBJC_ISA_USAGE = YES_ERROR;
				CLANG_WARN_EMPTY_BODY = YES;
				CLANG_WARN_ENUM_CONVERSION = YES;
				CLANG_WARN_INT_CONVERSION = YES;
				CLANG_WARN_OBJC_ROOT_CLASS = YES_ERROR;
				CLANG_WARN_UNREACHABLE_CODE = YES;
				CLANG_WARN__DUPLICATE_METHOD_MATCH = YES;
				"CODE_SIGN_IDENTITY[sdk=iphoneos*]" = "iPhone Developer";
				COPY_PHASE_STRIP = YES;
				ENABLE_NS_ASSERTIONS = NO;
				ENABLE_STRICT_OBJC_MSGSEND = YES;
				GCC_C_LANGUAGE_STANDARD = gnu99;
				GCC_WARN_64_TO_32_BIT_CONVERSION = YES;
				GCC_WARN_ABOUT_RETURN_TYPE = YES_ERROR;
				GCC_WARN_UNDECLARED_SELECTOR = YES;
				GCC_WARN_UNINITIALIZED_AUTOS = YES_AGGRESSIVE;
				GCC_WARN_UNUSED_FUNCTION = YES;
				GCC_WARN_UNUSED_VARIABLE = YES;
				IPHONEOS_DEPLOYMENT_TARGET = 8.1;
				MTL_ENABLE_DEBUG_INFO = NO;
				SDKROOT = iphoneos;
				TARGETED_DEVICE_FAMILY = "1,2";
				VALIDATE_PRODUCT = YES;
			};
			name = Release;
		};
		B9FD8BD21AB2632A00BE88DE /* Debug */ = {
			isa = XCBuildConfiguration;
			buildSettings = {
				ASSETCATALOG_COMPILER_APPICON_NAME = AppIcon;
				CLANG_ENABLE_MODULES = YES;
				FRAMEWORK_SEARCH_PATHS = (
					"$(inherited)",
					"/Users/raymondchan1994/Downloads/GoogleMaps-iOS-1.9.2",
					"$(PROJECT_DIR)",
				);
				INFOPLIST_FILE = "Osprey Drones/Info.plist";
				LD_RUNPATH_SEARCH_PATHS = "$(inherited) @executable_path/Frameworks";
				OTHER_LDFLAGS = "-ObjC";
				PRODUCT_NAME = "$(TARGET_NAME)";
				SWIFT_OBJC_BRIDGING_HEADER = "Osprey Drones-Bridging-Header.h";
				SWIFT_OPTIMIZATION_LEVEL = "-Onone";
			};
			name = Debug;
		};
		B9FD8BD31AB2632A00BE88DE /* Release */ = {
			isa = XCBuildConfiguration;
			buildSettings = {
				ASSETCATALOG_COMPILER_APPICON_NAME = AppIcon;
				CLANG_ENABLE_MODULES = YES;
				FRAMEWORK_SEARCH_PATHS = (
					"$(inherited)",
					"/Users/raymondchan1994/Downloads/GoogleMaps-iOS-1.9.2",
					"$(PROJECT_DIR)",
				);
				INFOPLIST_FILE = "Osprey Drones/Info.plist";
				LD_RUNPATH_SEARCH_PATHS = "$(inherited) @executable_path/Frameworks";
				OTHER_LDFLAGS = "-ObjC";
				PRODUCT_NAME = "$(TARGET_NAME)";
				SWIFT_OBJC_BRIDGING_HEADER = "Osprey Drones-Bridging-Header.h";
			};
			name = Release;
		};
		B9FD8BD51AB2632A00BE88DE /* Debug */ = {
			isa = XCBuildConfiguration;
			buildSettings = {
				BUNDLE_LOADER = "$(TEST_HOST)";
				FRAMEWORK_SEARCH_PATHS = (
					"$(SDKROOT)/Developer/Library/Frameworks",
					"$(inherited)",
				);
				GCC_PREPROCESSOR_DEFINITIONS = (
					"DEBUG=1",
					"$(inherited)",
				);
				INFOPLIST_FILE = "Osprey DronesTests/Info.plist";
				LD_RUNPATH_SEARCH_PATHS = "$(inherited) @executable_path/Frameworks @loader_path/Frameworks";
				PRODUCT_NAME = "$(TARGET_NAME)";
				TEST_HOST = "$(BUILT_PRODUCTS_DIR)/Osprey Drones.app/Osprey Drones";
			};
			name = Debug;
		};
		B9FD8BD61AB2632A00BE88DE /* Release */ = {
			isa = XCBuildConfiguration;
			buildSettings = {
				BUNDLE_LOADER = "$(TEST_HOST)";
				FRAMEWORK_SEARCH_PATHS = (
					"$(SDKROOT)/Developer/Library/Frameworks",
					"$(inherited)",
				);
				INFOPLIST_FILE = "Osprey DronesTests/Info.plist";
				LD_RUNPATH_SEARCH_PATHS = "$(inherited) @executable_path/Frameworks @loader_path/Frameworks";
				PRODUCT_NAME = "$(TARGET_NAME)";
				TEST_HOST = "$(BUILT_PRODUCTS_DIR)/Osprey Drones.app/Osprey Drones";
			};
			name = Release;
		};
/* End XCBuildConfiguration section */

/* Begin XCConfigurationList section */
		B9FD8BAD1AB2632A00BE88DE /* Build configuration list for PBXProject "Osprey Drones" */ = {
			isa = XCConfigurationList;
			buildConfigurations = (
				B9FD8BCF1AB2632A00BE88DE /* Debug */,
				B9FD8BD01AB2632A00BE88DE /* Release */,
			);
			defaultConfigurationIsVisible = 0;
			defaultConfigurationName = Release;
		};
		B9FD8BD11AB2632A00BE88DE /* Build configuration list for PBXNativeTarget "Osprey Drones" */ = {
			isa = XCConfigurationList;
			buildConfigurations = (
				B9FD8BD21AB2632A00BE88DE /* Debug */,
				B9FD8BD31AB2632A00BE88DE /* Release */,
			);
			defaultConfigurationIsVisible = 0;
			defaultConfigurationName = Release;
		};
		B9FD8BD41AB2632A00BE88DE /* Build configuration list for PBXNativeTarget "Osprey DronesTests" */ = {
			isa = XCConfigurationList;
			buildConfigurations = (
				B9FD8BD51AB2632A00BE88DE /* Debug */,
				B9FD8BD61AB2632A00BE88DE /* Release */,
			);
			defaultConfigurationIsVisible = 0;
			defaultConfigurationName = Release;
		};
/* End XCConfigurationList section */
	};
	rootObject = B9FD8BAA1AB2632A00BE88DE /* Project object */;
}
