// !$*UTF8*$!
{
	archiveVersion = 1;
	classes = {
	};
	objectVersion = 46;
	objects = {

/* Begin PBXBuildFile section */
		2F01E6C21A9475A000C1984B /* main.m in Sources */ = {isa = PBXBuildFile; fileRef = 2F01E6C11A9475A000C1984B /* main.m */; };
		2F01E6C51A9475A000C1984B /* AppDelegate.m in Sources */ = {isa = PBXBuildFile; fileRef = 2F01E6C41A9475A000C1984B /* AppDelegate.m */; };
		2F01E6C81A9475A000C1984B /* DixiChixProto2.xcdatamodeld in Sources */ = {isa = PBXBuildFile; fileRef = 2F01E6C61A9475A000C1984B /* DixiChixProto2.xcdatamodeld */; };
		2F01E6CB1A9475A000C1984B /* MapViewController.m in Sources */ = {isa = PBXBuildFile; fileRef = 2F01E6CA1A9475A000C1984B /* MapViewController.m */; };
		2F01E6DF1A9475A000C1984B /* DixiChixProto2Tests.m in Sources */ = {isa = PBXBuildFile; fileRef = 2F01E6DE1A9475A000C1984B /* DixiChixProto2Tests.m */; };
		2F01E6E91A9475FD00C1984B /* BrnoTrackMap.png in Resources */ = {isa = PBXBuildFile; fileRef = 2F01E6E81A9475FD00C1984B /* BrnoTrackMap.png */; };
/* End PBXBuildFile section */

/* Begin PBXContainerItemProxy section */
		2F01E6D91A9475A000C1984B /* PBXContainerItemProxy */ = {
			isa = PBXContainerItemProxy;
			containerPortal = 2F01E6B41A9475A000C1984B /* Project object */;
			proxyType = 1;
			remoteGlobalIDString = 2F01E6BB1A9475A000C1984B;
			remoteInfo = DixiChixProto2;
		};
/* End PBXContainerItemProxy section */

/* Begin PBXFileReference section */
		2F01E6BC1A9475A000C1984B /* DixiChixProto2.app */ = {isa = PBXFileReference; explicitFileType = wrapper.application; includeInIndex = 0; path = DixiChixProto2.app; sourceTree = BUILT_PRODUCTS_DIR; };
		2F01E6C01A9475A000C1984B /* Info.plist */ = {isa = PBXFileReference; lastKnownFileType = text.plist.xml; path = Info.plist; sourceTree = "<group>"; };
		2F01E6C11A9475A000C1984B /* main.m */ = {isa = PBXFileReference; lastKnownFileType = sourcecode.c.objc; path = main.m; sourceTree = "<group>"; };
		2F01E6C31A9475A000C1984B /* AppDelegate.h */ = {isa = PBXFileReference; lastKnownFileType = sourcecode.c.h; path = AppDelegate.h; sourceTree = "<group>"; };
		2F01E6C41A9475A000C1984B /* AppDelegate.m */ = {isa = PBXFileReference; lastKnownFileType = sourcecode.c.objc; path = AppDelegate.m; sourceTree = "<group>"; };
		2F01E6C71A9475A000C1984B /* DixiChixProto2.xcdatamodel */ = {isa = PBXFileReference; lastKnownFileType = wrapper.xcdatamodel; path = DixiChixProto2.xcdatamodel; sourceTree = "<group>"; };
		2F01E6C91A9475A000C1984B /* MapViewController.h */ = {isa = PBXFileReference; lastKnownFileType = sourcecode.c.h; path = MapViewController.h; sourceTree = "<group>"; };
		2F01E6CA1A9475A000C1984B /* MapViewController.m */ = {isa = PBXFileReference; lastKnownFileType = sourcecode.c.objc; path = MapViewController.m; sourceTree = "<group>"; };
		2F01E6D81A9475A000C1984B /* DixiChixProto2Tests.xctest */ = {isa = PBXFileReference; explicitFileType = wrapper.cfbundle; includeInIndex = 0; path = DixiChixProto2Tests.xctest; sourceTree = BUILT_PRODUCTS_DIR; };
		2F01E6DD1A9475A000C1984B /* Info.plist */ = {isa = PBXFileReference; lastKnownFileType = text.plist.xml; path = Info.plist; sourceTree = "<group>"; };
		2F01E6DE1A9475A000C1984B /* DixiChixProto2Tests.m */ = {isa = PBXFileReference; lastKnownFileType = sourcecode.c.objc; path = DixiChixProto2Tests.m; sourceTree = "<group>"; };
		2F01E6E81A9475FD00C1984B /* BrnoTrackMap.png */ = {isa = PBXFileReference; lastKnownFileType = image.png; path = BrnoTrackMap.png; sourceTree = "<group>"; };
/* End PBXFileReference section */

/* Begin PBXFrameworksBuildPhase section */
		2F01E6B91A9475A000C1984B /* Frameworks */ = {
			isa = PBXFrameworksBuildPhase;
			buildActionMask = 2147483647;
			files = (
			);
			runOnlyForDeploymentPostprocessing = 0;
		};
		2F01E6D51A9475A000C1984B /* Frameworks */ = {
			isa = PBXFrameworksBuildPhase;
			buildActionMask = 2147483647;
			files = (
			);
			runOnlyForDeploymentPostprocessing = 0;
		};
/* End PBXFrameworksBuildPhase section */

/* Begin PBXGroup section */
		2F01E6B31A9475A000C1984B = {
			isa = PBXGroup;
			children = (
				2F01E6BE1A9475A000C1984B /* DixiChixProto2 */,
				2F01E6DB1A9475A000C1984B /* DixiChixProto2Tests */,
				2F01E6BD1A9475A000C1984B /* Products */,
			);
			sourceTree = "<group>";
		};
		2F01E6BD1A9475A000C1984B /* Products */ = {
			isa = PBXGroup;
			children = (
				2F01E6BC1A9475A000C1984B /* DixiChixProto2.app */,
				2F01E6D81A9475A000C1984B /* DixiChixProto2Tests.xctest */,
			);
			name = Products;
			sourceTree = "<group>";
		};
		2F01E6BE1A9475A000C1984B /* DixiChixProto2 */ = {
			isa = PBXGroup;
			children = (
				2F01E6C31A9475A000C1984B /* AppDelegate.h */,
				2F01E6C41A9475A000C1984B /* AppDelegate.m */,
				2F01E6C91A9475A000C1984B /* MapViewController.h */,
				2F01E6CA1A9475A000C1984B /* MapViewController.m */,
				2F01E6E81A9475FD00C1984B /* BrnoTrackMap.png */,
				2F01E6C61A9475A000C1984B /* DixiChixProto2.xcdatamodeld */,
				2F01E6BF1A9475A000C1984B /* Supporting Files */,
			);
			path = DixiChixProto2;
			sourceTree = "<group>";
		};
		2F01E6BF1A9475A000C1984B /* Supporting Files */ = {
			isa = PBXGroup;
			children = (
				2F01E6C01A9475A000C1984B /* Info.plist */,
				2F01E6C11A9475A000C1984B /* main.m */,
			);
			name = "Supporting Files";
			sourceTree = "<group>";
		};
		2F01E6DB1A9475A000C1984B /* DixiChixProto2Tests */ = {
			isa = PBXGroup;
			children = (
				2F01E6DE1A9475A000C1984B /* DixiChixProto2Tests.m */,
				2F01E6DC1A9475A000C1984B /* Supporting Files */,
			);
			path = DixiChixProto2Tests;
			sourceTree = "<group>";
		};
		2F01E6DC1A9475A000C1984B /* Supporting Files */ = {
			isa = PBXGroup;
			children = (
				2F01E6DD1A9475A000C1984B /* Info.plist */,
			);
			name = "Supporting Files";
			sourceTree = "<group>";
		};
/* End PBXGroup section */

/* Begin PBXNativeTarget section */
		2F01E6BB1A9475A000C1984B /* DixiChixProto2 */ = {
			isa = PBXNativeTarget;
			buildConfigurationList = 2F01E6E21A9475A000C1984B /* Build configuration list for PBXNativeTarget "DixiChixProto2" */;
			buildPhases = (
				2F01E6B81A9475A000C1984B /* Sources */,
				2F01E6B91A9475A000C1984B /* Frameworks */,
				2F01E6BA1A9475A000C1984B /* Resources */,
			);
			buildRules = (
			);
			dependencies = (
			);
			name = DixiChixProto2;
			productName = DixiChixProto2;
			productReference = 2F01E6BC1A9475A000C1984B /* DixiChixProto2.app */;
			productType = "com.apple.product-type.application";
		};
		2F01E6D71A9475A000C1984B /* DixiChixProto2Tests */ = {
			isa = PBXNativeTarget;
			buildConfigurationList = 2F01E6E51A9475A000C1984B /* Build configuration list for PBXNativeTarget "DixiChixProto2Tests" */;
			buildPhases = (
				2F01E6D41A9475A000C1984B /* Sources */,
				2F01E6D51A9475A000C1984B /* Frameworks */,
				2F01E6D61A9475A000C1984B /* Resources */,
			);
			buildRules = (
			);
			dependencies = (
				2F01E6DA1A9475A000C1984B /* PBXTargetDependency */,
			);
			name = DixiChixProto2Tests;
			productName = DixiChixProto2Tests;
			productReference = 2F01E6D81A9475A000C1984B /* DixiChixProto2Tests.xctest */;
			productType = "com.apple.product-type.bundle.unit-test";
		};
/* End PBXNativeTarget section */

/* Begin PBXProject section */
		2F01E6B41A9475A000C1984B /* Project object */ = {
			isa = PBXProject;
			attributes = {
				LastUpgradeCheck = 0610;
				ORGANIZATIONNAME = "Tyler Fallon";
				TargetAttributes = {
					2F01E6BB1A9475A000C1984B = {
						CreatedOnToolsVersion = 6.1.1;
					};
					2F01E6D71A9475A000C1984B = {
						CreatedOnToolsVersion = 6.1.1;
						TestTargetID = 2F01E6BB1A9475A000C1984B;
					};
				};
			};
			buildConfigurationList = 2F01E6B71A9475A000C1984B /* Build configuration list for PBXProject "DixiChixProto2" */;
			compatibilityVersion = "Xcode 3.2";
			developmentRegion = English;
			hasScannedForEncodings = 0;
			knownRegions = (
				en,
				Base,
			);
			mainGroup = 2F01E6B31A9475A000C1984B;
			productRefGroup = 2F01E6BD1A9475A000C1984B /* Products */;
			projectDirPath = "";
			projectRoot = "";
			targets = (
				2F01E6BB1A9475A000C1984B /* DixiChixProto2 */,
				2F01E6D71A9475A000C1984B /* DixiChixProto2Tests */,
			);
		};
/* End PBXProject section */

/* Begin PBXResourcesBuildPhase section */
		2F01E6BA1A9475A000C1984B /* Resources */ = {
			isa = PBXResourcesBuildPhase;
			buildActionMask = 2147483647;
			files = (
				2F01E6E91A9475FD00C1984B /* BrnoTrackMap.png in Resources */,
			);
			runOnlyForDeploymentPostprocessing = 0;
		};
		2F01E6D61A9475A000C1984B /* Resources */ = {
			isa = PBXResourcesBuildPhase;
			buildActionMask = 2147483647;
			files = (
			);
			runOnlyForDeploymentPostprocessing = 0;
		};
/* End PBXResourcesBuildPhase section */

/* Begin PBXSourcesBuildPhase section */
		2F01E6B81A9475A000C1984B /* Sources */ = {
			isa = PBXSourcesBuildPhase;
			buildActionMask = 2147483647;
			files = (
				2F01E6C51A9475A000C1984B /* AppDelegate.m in Sources */,
				2F01E6C81A9475A000C1984B /* DixiChixProto2.xcdatamodeld in Sources */,
				2F01E6CB1A9475A000C1984B /* MapViewController.m in Sources */,
				2F01E6C21A9475A000C1984B /* main.m in Sources */,
			);
			runOnlyForDeploymentPostprocessing = 0;
		};
		2F01E6D41A9475A000C1984B /* Sources */ = {
			isa = PBXSourcesBuildPhase;
			buildActionMask = 2147483647;
			files = (
				2F01E6DF1A9475A000C1984B /* DixiChixProto2Tests.m in Sources */,
			);
			runOnlyForDeploymentPostprocessing = 0;
		};
/* End PBXSourcesBuildPhase section */

/* Begin PBXTargetDependency section */
		2F01E6DA1A9475A000C1984B /* PBXTargetDependency */ = {
			isa = PBXTargetDependency;
			target = 2F01E6BB1A9475A000C1984B /* DixiChixProto2 */;
			targetProxy = 2F01E6D91A9475A000C1984B /* PBXContainerItemProxy */;
		};
/* End PBXTargetDependency section */

/* Begin XCBuildConfiguration section */
		2F01E6E01A9475A000C1984B /* Debug */ = {
			isa = XCBuildConfiguration;
			buildSettings = {
				ALWAYS_SEARCH_USER_PATHS = NO;
				CLANG_CXX_LANGUAGE_STANDARD = "gnu++0x";
				CLANG_CXX_LIBRARY = "libc++";
				CLANG_ENABLE_MODULES = YES;
				CLANG_ENABLE_OBJC_ARC = YES;
				CLANG_WARN_BOOL_CONVERSION = YES;
				CLANG_WARN_CONSTANT_CONVERSION = YES;
				CLANG_WARN_DIRECT_OBJC_ISA_USAGE = YES_ERROR;
				CLANG_WARN_EMPTY_BODY = YES;
				CLANG_WARN_ENUM_CONVERSION = YES;
				CLANG_WARN_INT_CONVERSION = YES;
				CLANG_WARN_OBJC_ROOT_CLASS = YES_ERROR;
				CLANG_WARN_UNREACHABLE_CODE = YES;
				CLANG_WARN__DUPLICATE_METHOD_MATCH = YES;
				"CODE_SIGN_IDENTITY[sdk=iphoneos*]" = "iPhone Developer";
				COPY_PHASE_STRIP = NO;
				ENABLE_STRICT_OBJC_MSGSEND = YES;
				GCC_C_LANGUAGE_STANDARD = gnu99;
				GCC_DYNAMIC_NO_PIC = NO;
				GCC_OPTIMIZATION_LEVEL = 0;
				GCC_PREPROCESSOR_DEFINITIONS = (
					"DEBUG=1",
					"$(inherited)",
				);
				GCC_SYMBOLS_PRIVATE_EXTERN = NO;
				GCC_WARN_64_TO_32_BIT_CONVERSION = YES;
				GCC_WARN_ABOUT_RETURN_TYPE = YES_ERROR;
				GCC_WARN_UNDECLARED_SELECTOR = YES;
				GCC_WARN_UNINITIALIZED_AUTOS = YES_AGGRESSIVE;
				GCC_WARN_UNUSED_FUNCTION = YES;
				GCC_WARN_UNUSED_VARIABLE = YES;
				IPHONEOS_DEPLOYMENT_TARGET = 8.1;
				MTL_ENABLE_DEBUG_INFO = YES;
				ONLY_ACTIVE_ARCH = YES;
				SDKROOT = iphoneos;
			};
			name = Debug;
		};
		2F01E6E11A9475A000C1984B /* Release */ = {
			isa = XCBuildConfiguration;
			buildSettings = {
				ALWAYS_SEARCH_USER_PATHS = NO;
				CLANG_CXX_LANGUAGE_STANDARD = "gnu++0x";
				CLANG_CXX_LIBRARY = "libc++";
				CLANG_ENABLE_MODULES = YES;
				CLANG_ENABLE_OBJC_ARC = YES;
				CLANG_WARN_BOOL_CONVERSION = YES;
				CLANG_WARN_CONSTANT_CONVERSION = YES;
				CLANG_WARN_DIRECT_OBJC_ISA_USAGE = YES_ERROR;
				CLANG_WARN_EMPTY_BODY = YES;
				CLANG_WARN_ENUM_CONVERSION = YES;
				CLANG_WARN_INT_CONVERSION = YES;
				CLANG_WARN_OBJC_ROOT_CLASS = YES_ERROR;
				CLANG_WARN_UNREACHABLE_CODE = YES;
				CLANG_WARN__DUPLICATE_METHOD_MATCH = YES;
				"CODE_SIGN_IDENTITY[sdk=iphoneos*]" = "iPhone Developer";
				COPY_PHASE_STRIP = YES;
				ENABLE_NS_ASSERTIONS = NO;
				ENABLE_STRICT_OBJC_MSGSEND = YES;
				GCC_C_LANGUAGE_STANDARD = gnu99;
				GCC_WARN_64_TO_32_BIT_CONVERSION = YES;
				GCC_WARN_ABOUT_RETURN_TYPE = YES_ERROR;
				GCC_WARN_UNDECLARED_SELECTOR = YES;
				GCC_WARN_UNINITIALIZED_AUTOS = YES_AGGRESSIVE;
				GCC_WARN_UNUSED_FUNCTION = YES;
				GCC_WARN_UNUSED_VARIABLE = YES;
				IPHONEOS_DEPLOYMENT_TARGET = 8.1;
				MTL_ENABLE_DEBUG_INFO = NO;
				SDKROOT = iphoneos;
				VALIDATE_PRODUCT = YES;
			};
			name = Release;
		};
		2F01E6E31A9475A000C1984B /* Debug */ = {
			isa = XCBuildConfiguration;
			buildSettings = {
				ASSETCATALOG_COMPILER_APPICON_NAME = AppIcon;
				INFOPLIST_FILE = DixiChixProto2/Info.plist;
				LD_RUNPATH_SEARCH_PATHS = "$(inherited) @executable_path/Frameworks";
				PRODUCT_NAME = "$(TARGET_NAME)";
			};
			name = Debug;
		};
		2F01E6E41A9475A000C1984B /* Release */ = {
			isa = XCBuildConfiguration;
			buildSettings = {
				ASSETCATALOG_COMPILER_APPICON_NAME = AppIcon;
				INFOPLIST_FILE = DixiChixProto2/Info.plist;
				LD_RUNPATH_SEARCH_PATHS = "$(inherited) @executable_path/Frameworks";
				PRODUCT_NAME = "$(TARGET_NAME)";
			};
			name = Release;
		};
		2F01E6E61A9475A000C1984B /* Debug */ = {
			isa = XCBuildConfiguration;
			buildSettings = {
				BUNDLE_LOADER = "$(TEST_HOST)";
				FRAMEWORK_SEARCH_PATHS = (
					"$(SDKROOT)/Developer/Library/Frameworks",
					"$(inherited)",
				);
				GCC_PREPROCESSOR_DEFINITIONS = (
					"DEBUG=1",
					"$(inherited)",
				);
				INFOPLIST_FILE = DixiChixProto2Tests/Info.plist;
				LD_RUNPATH_SEARCH_PATHS = "$(inherited) @executable_path/Frameworks @loader_path/Frameworks";
				PRODUCT_NAME = "$(TARGET_NAME)";
				TEST_HOST = "$(BUILT_PRODUCTS_DIR)/DixiChixProto2.app/DixiChixProto2";
			};
			name = Debug;
		};
		2F01E6E71A9475A000C1984B /* Release */ = {
			isa = XCBuildConfiguration;
			buildSettings = {
				BUNDLE_LOADER = "$(TEST_HOST)";
				FRAMEWORK_SEARCH_PATHS = (
					"$(SDKROOT)/Developer/Library/Frameworks",
					"$(inherited)",
				);
				INFOPLIST_FILE = DixiChixProto2Tests/Info.plist;
				LD_RUNPATH_SEARCH_PATHS = "$(inherited) @executable_path/Frameworks @loader_path/Frameworks";
				PRODUCT_NAME = "$(TARGET_NAME)";
				TEST_HOST = "$(BUILT_PRODUCTS_DIR)/DixiChixProto2.app/DixiChixProto2";
			};
			name = Release;
		};
/* End XCBuildConfiguration section */

/* Begin XCConfigurationList section */
		2F01E6B71A9475A000C1984B /* Build configuration list for PBXProject "DixiChixProto2" */ = {
			isa = XCConfigurationList;
			buildConfigurations = (
				2F01E6E01A9475A000C1984B /* Debug */,
				2F01E6E11A9475A000C1984B /* Release */,
			);
			defaultConfigurationIsVisible = 0;
			defaultConfigurationName = Release;
		};
		2F01E6E21A9475A000C1984B /* Build configuration list for PBXNativeTarget "DixiChixProto2" */ = {
			isa = XCConfigurationList;
			buildConfigurations = (
				2F01E6E31A9475A000C1984B /* Debug */,
				2F01E6E41A9475A000C1984B /* Release */,
			);
			defaultConfigurationIsVisible = 0;
		};
		2F01E6E51A9475A000C1984B /* Build configuration list for PBXNativeTarget "DixiChixProto2Tests" */ = {
			isa = XCConfigurationList;
			buildConfigurations = (
				2F01E6E61A9475A000C1984B /* Debug */,
				2F01E6E71A9475A000C1984B /* Release */,
			);
			defaultConfigurationIsVisible = 0;
		};
/* End XCConfigurationList section */

/* Begin XCVersionGroup section */
		2F01E6C61A9475A000C1984B /* DixiChixProto2.xcdatamodeld */ = {
			isa = XCVersionGroup;
			children = (
				2F01E6C71A9475A000C1984B /* DixiChixProto2.xcdatamodel */,
			);
			currentVersion = 2F01E6C71A9475A000C1984B /* DixiChixProto2.xcdatamodel */;
			path = DixiChixProto2.xcdatamodeld;
			sourceTree = "<group>";
			versionGroupType = wrapper.xcdatamodel;
		};
/* End XCVersionGroup section */
	};
	rootObject = 2F01E6B41A9475A000C1984B /* Project object */;
}
