// !$*UTF8*$!
{
	archiveVersion = 1;
	classes = {
	};
	objectVersion = 46;
	objects = {

/* Begin PBXBuildFile section */
		2F01E68B1A9449B100C1984B /* main.m in Sources */ = {isa = PBXBuildFile; fileRef = 2F01E68A1A9449B100C1984B /* main.m */; };
		2F01E68E1A9449B200C1984B /* AppDelegate.m in Sources */ = {isa = PBXBuildFile; fileRef = 2F01E68D1A9449B200C1984B /* AppDelegate.m */; };
		2F01E6911A9449B200C1984B /* DixiChixProto.xcdatamodeld in Sources */ = {isa = PBXBuildFile; fileRef = 2F01E68F1A9449B200C1984B /* DixiChixProto.xcdatamodeld */; };
		2F01E6941A9449B200C1984B /* MapViewController.m in Sources */ = {isa = PBXBuildFile; fileRef = 2F01E6931A9449B200C1984B /* MapViewController.m */; };
		2F01E6A81A9449B200C1984B /* DixiChixProtoTests.m in Sources */ = {isa = PBXBuildFile; fileRef = 2F01E6A71A9449B200C1984B /* DixiChixProtoTests.m */; };
		2F01E6B21A9451D800C1984B /* BrnoTrackMap.png in Resources */ = {isa = PBXBuildFile; fileRef = 2F01E6B11A9451D800C1984B /* BrnoTrackMap.png */; };
		2F99F7B21A969C16001BA6FA /* StanfordRoute.png in Resources */ = {isa = PBXBuildFile; fileRef = 2F99F7B11A969C16001BA6FA /* StanfordRoute.png */; };
/* End PBXBuildFile section */

/* Begin PBXContainerItemProxy section */
		2F01E6A21A9449B200C1984B /* PBXContainerItemProxy */ = {
			isa = PBXContainerItemProxy;
			containerPortal = 2F01E67D1A9449B100C1984B /* Project object */;
			proxyType = 1;
			remoteGlobalIDString = 2F01E6841A9449B100C1984B;
			remoteInfo = DixiChixProto;
		};
/* End PBXContainerItemProxy section */

/* Begin PBXFileReference section */
		2F01E6851A9449B100C1984B /* DixiChixProto.app */ = {isa = PBXFileReference; explicitFileType = wrapper.application; includeInIndex = 0; path = DixiChixProto.app; sourceTree = BUILT_PRODUCTS_DIR; };
		2F01E6891A9449B100C1984B /* Info.plist */ = {isa = PBXFileReference; lastKnownFileType = text.plist.xml; path = Info.plist; sourceTree = "<group>"; };
		2F01E68A1A9449B100C1984B /* main.m */ = {isa = PBXFileReference; lastKnownFileType = sourcecode.c.objc; path = main.m; sourceTree = "<group>"; };
		2F01E68C1A9449B100C1984B /* AppDelegate.h */ = {isa = PBXFileReference; lastKnownFileType = sourcecode.c.h; path = AppDelegate.h; sourceTree = "<group>"; };
		2F01E68D1A9449B200C1984B /* AppDelegate.m */ = {isa = PBXFileReference; lastKnownFileType = sourcecode.c.objc; path = AppDelegate.m; sourceTree = "<group>"; };
		2F01E6901A9449B200C1984B /* DixiChixProto.xcdatamodel */ = {isa = PBXFileReference; lastKnownFileType = wrapper.xcdatamodel; path = DixiChixProto.xcdatamodel; sourceTree = "<group>"; };
		2F01E6921A9449B200C1984B /* MapViewController.h */ = {isa = PBXFileReference; lastKnownFileType = sourcecode.c.h; path = MapViewController.h; sourceTree = "<group>"; };
		2F01E6931A9449B200C1984B /* MapViewController.m */ = {isa = PBXFileReference; lastKnownFileType = sourcecode.c.objc; path = MapViewController.m; sourceTree = "<group>"; };
		2F01E6A11A9449B200C1984B /* DixiChixProtoTests.xctest */ = {isa = PBXFileReference; explicitFileType = wrapper.cfbundle; includeInIndex = 0; path = DixiChixProtoTests.xctest; sourceTree = BUILT_PRODUCTS_DIR; };
		2F01E6A61A9449B200C1984B /* Info.plist */ = {isa = PBXFileReference; lastKnownFileType = text.plist.xml; path = Info.plist; sourceTree = "<group>"; };
		2F01E6A71A9449B200C1984B /* DixiChixProtoTests.m */ = {isa = PBXFileReference; lastKnownFileType = sourcecode.c.objc; path = DixiChixProtoTests.m; sourceTree = "<group>"; };
		2F01E6B11A9451D800C1984B /* BrnoTrackMap.png */ = {isa = PBXFileReference; lastKnownFileType = image.png; path = BrnoTrackMap.png; sourceTree = "<group>"; };
		2F99F7B11A969C16001BA6FA /* StanfordRoute.png */ = {isa = PBXFileReference; lastKnownFileType = image.png; path = StanfordRoute.png; sourceTree = "<group>"; };
/* End PBXFileReference section */

/* Begin PBXFrameworksBuildPhase section */
		2F01E6821A9449B100C1984B /* Frameworks */ = {
			isa = PBXFrameworksBuildPhase;
			buildActionMask = 2147483647;
			files = (
			);
			runOnlyForDeploymentPostprocessing = 0;
		};
		2F01E69E1A9449B200C1984B /* Frameworks */ = {
			isa = PBXFrameworksBuildPhase;
			buildActionMask = 2147483647;
			files = (
			);
			runOnlyForDeploymentPostprocessing = 0;
		};
/* End PBXFrameworksBuildPhase section */

/* Begin PBXGroup section */
		2F01E67C1A9449B100C1984B = {
			isa = PBXGroup;
			children = (
				2F01E6871A9449B100C1984B /* DixiChixProto */,
				2F01E6A41A9449B200C1984B /* DixiChixProtoTests */,
				2F01E6861A9449B100C1984B /* Products */,
			);
			sourceTree = "<group>";
		};
		2F01E6861A9449B100C1984B /* Products */ = {
			isa = PBXGroup;
			children = (
				2F01E6851A9449B100C1984B /* DixiChixProto.app */,
				2F01E6A11A9449B200C1984B /* DixiChixProtoTests.xctest */,
			);
			name = Products;
			sourceTree = "<group>";
		};
		2F01E6871A9449B100C1984B /* DixiChixProto */ = {
			isa = PBXGroup;
			children = (
				2F01E68C1A9449B100C1984B /* AppDelegate.h */,
				2F01E68D1A9449B200C1984B /* AppDelegate.m */,
				2F01E6921A9449B200C1984B /* MapViewController.h */,
				2F01E6931A9449B200C1984B /* MapViewController.m */,
				2F01E68F1A9449B200C1984B /* DixiChixProto.xcdatamodeld */,
				2F99F7B11A969C16001BA6FA /* StanfordRoute.png */,
				2F01E6B11A9451D800C1984B /* BrnoTrackMap.png */,
				2F01E6881A9449B100C1984B /* Supporting Files */,
			);
			path = DixiChixProto;
			sourceTree = "<group>";
		};
		2F01E6881A9449B100C1984B /* Supporting Files */ = {
			isa = PBXGroup;
			children = (
				2F01E6891A9449B100C1984B /* Info.plist */,
				2F01E68A1A9449B100C1984B /* main.m */,
			);
			name = "Supporting Files";
			sourceTree = "<group>";
		};
		2F01E6A41A9449B200C1984B /* DixiChixProtoTests */ = {
			isa = PBXGroup;
			children = (
				2F01E6A71A9449B200C1984B /* DixiChixProtoTests.m */,
				2F01E6A51A9449B200C1984B /* Supporting Files */,
			);
			path = DixiChixProtoTests;
			sourceTree = "<group>";
		};
		2F01E6A51A9449B200C1984B /* Supporting Files */ = {
			isa = PBXGroup;
			children = (
				2F01E6A61A9449B200C1984B /* Info.plist */,
			);
			name = "Supporting Files";
			sourceTree = "<group>";
		};
/* End PBXGroup section */

/* Begin PBXNativeTarget section */
		2F01E6841A9449B100C1984B /* DixiChixProto */ = {
			isa = PBXNativeTarget;
			buildConfigurationList = 2F01E6AB1A9449B200C1984B /* Build configuration list for PBXNativeTarget "DixiChixProto" */;
			buildPhases = (
				2F01E6811A9449B100C1984B /* Sources */,
				2F01E6821A9449B100C1984B /* Frameworks */,
				2F01E6831A9449B100C1984B /* Resources */,
			);
			buildRules = (
			);
			dependencies = (
			);
			name = DixiChixProto;
			productName = DixiChixProto;
			productReference = 2F01E6851A9449B100C1984B /* DixiChixProto.app */;
			productType = "com.apple.product-type.application";
		};
		2F01E6A01A9449B200C1984B /* DixiChixProtoTests */ = {
			isa = PBXNativeTarget;
			buildConfigurationList = 2F01E6AE1A9449B200C1984B /* Build configuration list for PBXNativeTarget "DixiChixProtoTests" */;
			buildPhases = (
				2F01E69D1A9449B200C1984B /* Sources */,
				2F01E69E1A9449B200C1984B /* Frameworks */,
				2F01E69F1A9449B200C1984B /* Resources */,
			);
			buildRules = (
			);
			dependencies = (
				2F01E6A31A9449B200C1984B /* PBXTargetDependency */,
			);
			name = DixiChixProtoTests;
			productName = DixiChixProtoTests;
			productReference = 2F01E6A11A9449B200C1984B /* DixiChixProtoTests.xctest */;
			productType = "com.apple.product-type.bundle.unit-test";
		};
/* End PBXNativeTarget section */

/* Begin PBXProject section */
		2F01E67D1A9449B100C1984B /* Project object */ = {
			isa = PBXProject;
			attributes = {
				LastUpgradeCheck = 0610;
				ORGANIZATIONNAME = "Tyler Fallon";
				TargetAttributes = {
					2F01E6841A9449B100C1984B = {
						CreatedOnToolsVersion = 6.1.1;
					};
					2F01E6A01A9449B200C1984B = {
						CreatedOnToolsVersion = 6.1.1;
						TestTargetID = 2F01E6841A9449B100C1984B;
					};
				};
			};
			buildConfigurationList = 2F01E6801A9449B100C1984B /* Build configuration list for PBXProject "DixiChixProto" */;
			compatibilityVersion = "Xcode 3.2";
			developmentRegion = English;
			hasScannedForEncodings = 0;
			knownRegions = (
				en,
				Base,
			);
			mainGroup = 2F01E67C1A9449B100C1984B;
			productRefGroup = 2F01E6861A9449B100C1984B /* Products */;
			projectDirPath = "";
			projectRoot = "";
			targets = (
				2F01E6841A9449B100C1984B /* DixiChixProto */,
				2F01E6A01A9449B200C1984B /* DixiChixProtoTests */,
			);
		};
/* End PBXProject section */

/* Begin PBXResourcesBuildPhase section */
		2F01E6831A9449B100C1984B /* Resources */ = {
			isa = PBXResourcesBuildPhase;
			buildActionMask = 2147483647;
			files = (
				2F99F7B21A969C16001BA6FA /* StanfordRoute.png in Resources */,
				2F01E6B21A9451D800C1984B /* BrnoTrackMap.png in Resources */,
			);
			runOnlyForDeploymentPostprocessing = 0;
		};
		2F01E69F1A9449B200C1984B /* Resources */ = {
			isa = PBXResourcesBuildPhase;
			buildActionMask = 2147483647;
			files = (
			);
			runOnlyForDeploymentPostprocessing = 0;
		};
/* End PBXResourcesBuildPhase section */

/* Begin PBXSourcesBuildPhase section */
		2F01E6811A9449B100C1984B /* Sources */ = {
			isa = PBXSourcesBuildPhase;
			buildActionMask = 2147483647;
			files = (
				2F01E68E1A9449B200C1984B /* AppDelegate.m in Sources */,
				2F01E68B1A9449B100C1984B /* main.m in Sources */,
				2F01E6941A9449B200C1984B /* MapViewController.m in Sources */,
				2F01E6911A9449B200C1984B /* DixiChixProto.xcdatamodeld in Sources */,
			);
			runOnlyForDeploymentPostprocessing = 0;
		};
		2F01E69D1A9449B200C1984B /* Sources */ = {
			isa = PBXSourcesBuildPhase;
			buildActionMask = 2147483647;
			files = (
				2F01E6A81A9449B200C1984B /* DixiChixProtoTests.m in Sources */,
			);
			runOnlyForDeploymentPostprocessing = 0;
		};
/* End PBXSourcesBuildPhase section */

/* Begin PBXTargetDependency section */
		2F01E6A31A9449B200C1984B /* PBXTargetDependency */ = {
			isa = PBXTargetDependency;
			target = 2F01E6841A9449B100C1984B /* DixiChixProto */;
			targetProxy = 2F01E6A21A9449B200C1984B /* PBXContainerItemProxy */;
		};
/* End PBXTargetDependency section */

/* Begin XCBuildConfiguration section */
		2F01E6A91A9449B200C1984B /* Debug */ = {
			isa = XCBuildConfiguration;
			buildSettings = {
				ALWAYS_SEARCH_USER_PATHS = NO;
				CLANG_CXX_LANGUAGE_STANDARD = "gnu++0x";
				CLANG_CXX_LIBRARY = "libc++";
				CLANG_ENABLE_MODULES = YES;
				CLANG_ENABLE_OBJC_ARC = YES;
				CLANG_WARN_BOOL_CONVERSION = YES;
				CLANG_WARN_CONSTANT_CONVERSION = YES;
				CLANG_WARN_DIRECT_OBJC_ISA_USAGE = YES_ERROR;
				CLANG_WARN_EMPTY_BODY = YES;
				CLANG_WARN_ENUM_CONVERSION = YES;
				CLANG_WARN_INT_CONVERSION = YES;
				CLANG_WARN_OBJC_ROOT_CLASS = YES_ERROR;
				CLANG_WARN_UNREACHABLE_CODE = YES;
				CLANG_WARN__DUPLICATE_METHOD_MATCH = YES;
				"CODE_SIGN_IDENTITY[sdk=iphoneos*]" = "iPhone Developer";
				COPY_PHASE_STRIP = NO;
				ENABLE_STRICT_OBJC_MSGSEND = YES;
				GCC_C_LANGUAGE_STANDARD = gnu99;
				GCC_DYNAMIC_NO_PIC = NO;
				GCC_OPTIMIZATION_LEVEL = 0;
				GCC_PREPROCESSOR_DEFINITIONS = (
					"DEBUG=1",
					"$(inherited)",
				);
				GCC_SYMBOLS_PRIVATE_EXTERN = NO;
				GCC_WARN_64_TO_32_BIT_CONVERSION = YES;
				GCC_WARN_ABOUT_RETURN_TYPE = YES_ERROR;
				GCC_WARN_UNDECLARED_SELECTOR = YES;
				GCC_WARN_UNINITIALIZED_AUTOS = YES_AGGRESSIVE;
				GCC_WARN_UNUSED_FUNCTION = YES;
				GCC_WARN_UNUSED_VARIABLE = YES;
				IPHONEOS_DEPLOYMENT_TARGET = 8.1;
				MTL_ENABLE_DEBUG_INFO = YES;
				ONLY_ACTIVE_ARCH = YES;
				SDKROOT = iphoneos;
			};
			name = Debug;
		};
		2F01E6AA1A9449B200C1984B /* Release */ = {
			isa = XCBuildConfiguration;
			buildSettings = {
				ALWAYS_SEARCH_USER_PATHS = NO;
				CLANG_CXX_LANGUAGE_STANDARD = "gnu++0x";
				CLANG_CXX_LIBRARY = "libc++";
				CLANG_ENABLE_MODULES = YES;
				CLANG_ENABLE_OBJC_ARC = YES;
				CLANG_WARN_BOOL_CONVERSION = YES;
				CLANG_WARN_CONSTANT_CONVERSION = YES;
				CLANG_WARN_DIRECT_OBJC_ISA_USAGE = YES_ERROR;
				CLANG_WARN_EMPTY_BODY = YES;
				CLANG_WARN_ENUM_CONVERSION = YES;
				CLANG_WARN_INT_CONVERSION = YES;
				CLANG_WARN_OBJC_ROOT_CLASS = YES_ERROR;
				CLANG_WARN_UNREACHABLE_CODE = YES;
				CLANG_WARN__DUPLICATE_METHOD_MATCH = YES;
				"CODE_SIGN_IDENTITY[sdk=iphoneos*]" = "iPhone Developer";
				COPY_PHASE_STRIP = YES;
				ENABLE_NS_ASSERTIONS = NO;
				ENABLE_STRICT_OBJC_MSGSEND = YES;
				GCC_C_LANGUAGE_STANDARD = gnu99;
				GCC_WARN_64_TO_32_BIT_CONVERSION = YES;
				GCC_WARN_ABOUT_RETURN_TYPE = YES_ERROR;
				GCC_WARN_UNDECLARED_SELECTOR = YES;
				GCC_WARN_UNINITIALIZED_AUTOS = YES_AGGRESSIVE;
				GCC_WARN_UNUSED_FUNCTION = YES;
				GCC_WARN_UNUSED_VARIABLE = YES;
				IPHONEOS_DEPLOYMENT_TARGET = 8.1;
				MTL_ENABLE_DEBUG_INFO = NO;
				SDKROOT = iphoneos;
				VALIDATE_PRODUCT = YES;
			};
			name = Release;
		};
		2F01E6AC1A9449B200C1984B /* Debug */ = {
			isa = XCBuildConfiguration;
			buildSettings = {
				ASSETCATALOG_COMPILER_APPICON_NAME = AppIcon;
				INFOPLIST_FILE = DixiChixProto/Info.plist;
				LD_RUNPATH_SEARCH_PATHS = "$(inherited) @executable_path/Frameworks";
				PRODUCT_NAME = "$(TARGET_NAME)";
			};
			name = Debug;
		};
		2F01E6AD1A9449B200C1984B /* Release */ = {
			isa = XCBuildConfiguration;
			buildSettings = {
				ASSETCATALOG_COMPILER_APPICON_NAME = AppIcon;
				INFOPLIST_FILE = DixiChixProto/Info.plist;
				LD_RUNPATH_SEARCH_PATHS = "$(inherited) @executable_path/Frameworks";
				PRODUCT_NAME = "$(TARGET_NAME)";
			};
			name = Release;
		};
		2F01E6AF1A9449B200C1984B /* Debug */ = {
			isa = XCBuildConfiguration;
			buildSettings = {
				BUNDLE_LOADER = "$(TEST_HOST)";
				FRAMEWORK_SEARCH_PATHS = (
					"$(SDKROOT)/Developer/Library/Frameworks",
					"$(inherited)",
				);
				GCC_PREPROCESSOR_DEFINITIONS = (
					"DEBUG=1",
					"$(inherited)",
				);
				INFOPLIST_FILE = DixiChixProtoTests/Info.plist;
				LD_RUNPATH_SEARCH_PATHS = "$(inherited) @executable_path/Frameworks @loader_path/Frameworks";
				PRODUCT_NAME = "$(TARGET_NAME)";
				TEST_HOST = "$(BUILT_PRODUCTS_DIR)/DixiChixProto.app/DixiChixProto";
			};
			name = Debug;
		};
		2F01E6B01A9449B200C1984B /* Release */ = {
			isa = XCBuildConfiguration;
			buildSettings = {
				BUNDLE_LOADER = "$(TEST_HOST)";
				FRAMEWORK_SEARCH_PATHS = (
					"$(SDKROOT)/Developer/Library/Frameworks",
					"$(inherited)",
				);
				INFOPLIST_FILE = DixiChixProtoTests/Info.plist;
				LD_RUNPATH_SEARCH_PATHS = "$(inherited) @executable_path/Frameworks @loader_path/Frameworks";
				PRODUCT_NAME = "$(TARGET_NAME)";
				TEST_HOST = "$(BUILT_PRODUCTS_DIR)/DixiChixProto.app/DixiChixProto";
			};
			name = Release;
		};
/* End XCBuildConfiguration section */

/* Begin XCConfigurationList section */
		2F01E6801A9449B100C1984B /* Build configuration list for PBXProject "DixiChixProto" */ = {
			isa = XCConfigurationList;
			buildConfigurations = (
				2F01E6A91A9449B200C1984B /* Debug */,
				2F01E6AA1A9449B200C1984B /* Release */,
			);
			defaultConfigurationIsVisible = 0;
			defaultConfigurationName = Release;
		};
		2F01E6AB1A9449B200C1984B /* Build configuration list for PBXNativeTarget "DixiChixProto" */ = {
			isa = XCConfigurationList;
			buildConfigurations = (
				2F01E6AC1A9449B200C1984B /* Debug */,
				2F01E6AD1A9449B200C1984B /* Release */,
			);
			defaultConfigurationIsVisible = 0;
			defaultConfigurationName = Release;
		};
		2F01E6AE1A9449B200C1984B /* Build configuration list for PBXNativeTarget "DixiChixProtoTests" */ = {
			isa = XCConfigurationList;
			buildConfigurations = (
				2F01E6AF1A9449B200C1984B /* Debug */,
				2F01E6B01A9449B200C1984B /* Release */,
			);
			defaultConfigurationIsVisible = 0;
			defaultConfigurationName = Release;
		};
/* End XCConfigurationList section */

/* Begin XCVersionGroup section */
		2F01E68F1A9449B200C1984B /* DixiChixProto.xcdatamodeld */ = {
			isa = XCVersionGroup;
			children = (
				2F01E6901A9449B200C1984B /* DixiChixProto.xcdatamodel */,
			);
			currentVersion = 2F01E6901A9449B200C1984B /* DixiChixProto.xcdatamodel */;
			path = DixiChixProto.xcdatamodeld;
			sourceTree = "<group>";
			versionGroupType = wrapper.xcdatamodel;
		};
/* End XCVersionGroup section */
	};
	rootObject = 2F01E67D1A9449B100C1984B /* Project object */;
}
